
Microsoft Visual Studio Solution File, Format Version 12.00
# Visual Studio Version 17
VisualStudioVersion = 17.2.32630.192
MinimumVisualStudioVersion = 10.0.40219.1
Project("{FAE04EC0-301F-11D3-BF4B-00C04F79EFBC}") = "DOAN_LTWIN", "DOAN_LTWIN\DOAN_LTWIN.csproj", "{2C31C05C-7C15-4BCA-B42D-3D6F27DC9246}"
EndProject
Global
	GlobalSection(SolutionConfigurationPlatforms) = preSolution
		Debug|Any CPU = Debug|Any CPU
		Release|Any CPU = Release|Any CPU
	EndGlobalSection
	GlobalSection(ProjectConfigurationPlatforms) = postSolution
		{2C31C05C-7C15-4BCA-B42D-3D6F27DC9246}.Debug|Any CPU.ActiveCfg = Debug|Any CPU
		{2C31C05C-7C15-4BCA-B42D-3D6F27DC9246}.Debug|Any CPU.Build.0 = Debug|Any CPU
		{2C31C05C-7C15-4BCA-B42D-3D6F27DC9246}.Release|Any CPU.ActiveCfg = Release|Any CPU
		{2C31C05C-7C15-4BCA-B42D-3D6F27DC9246}.Release|Any CPU.Build.0 = Release|Any CPU
	EndGlobalSection
	GlobalSection(SolutionProperties) = preSolution
		HideSolutionNode = FALSE
	EndGlobalSection
	GlobalSection(ExtensibilityGlobals) = postSolution
		SolutionGuid = {9337D589-EEB5-47A7-81A1-7BA72EA76172}
	EndGlobalSection
EndGlobal
